
Microsoft Visual Studio Solution File, Format Version 12.00
# Visual Studio Version 16
VisualStudioVersion = 16.0.31624.102
MinimumVisualStudioVersion = 10.0.40219.1
Project("{FAE04EC0-301F-11D3-BF4B-00C04F79EFBC}") = "EjercicioNro5", "EjercicioNro5\EjercicioNro5.csproj", "{6EFC3AF6-813E-4533-AD39-349CC1B889B9}"
EndProject
Global
	GlobalSection(SolutionConfigurationPlatforms) = preSolution
		Debug|Any CPU = Debug|Any CPU
		Release|Any CPU = Release|Any CPU
	EndGlobalSection
	GlobalSection(ProjectConfigurationPlatforms) = postSolution
		{6EFC3AF6-813E-4533-AD39-349CC1B889B9}.Debug|Any CPU.ActiveCfg = Debug|Any CPU
		{6EFC3AF6-813E-4533-AD39-349CC1B889B9}.Debug|Any CPU.Build.0 = Debug|Any CPU
		{6EFC3AF6-813E-4533-AD39-349CC1B889B9}.Release|Any CPU.ActiveCfg = Release|Any CPU
		{6EFC3AF6-813E-4533-AD39-349CC1B889B9}.Release|Any CPU.Build.0 = Release|Any CPU
	EndGlobalSection
	GlobalSection(SolutionProperties) = preSolution
		HideSolutionNode = FALSE
	EndGlobalSection
	GlobalSection(ExtensibilityGlobals) = postSolution
		SolutionGuid = {6ADCD507-6166-4762-BE67-21E065BDD31E}
	EndGlobalSection
EndGlobal
