
Microsoft Visual Studio Solution File, Format Version 12.00
# Visual Studio Version 16
VisualStudioVersion = 16.0.31624.102
MinimumVisualStudioVersion = 10.0.40219.1
Project("{FAE04EC0-301F-11D3-BF4B-00C04F79EFBC}") = "EjercicioNro15", "EjercicioNro15\EjercicioNro15.csproj", "{5B5B760C-6BB3-4899-AB79-B88081EACC76}"
EndProject
Global
	GlobalSection(SolutionConfigurationPlatforms) = preSolution
		Debug|Any CPU = Debug|Any CPU
		Release|Any CPU = Release|Any CPU
	EndGlobalSection
	GlobalSection(ProjectConfigurationPlatforms) = postSolution
		{5B5B760C-6BB3-4899-AB79-B88081EACC76}.Debug|Any CPU.ActiveCfg = Debug|Any CPU
		{5B5B760C-6BB3-4899-AB79-B88081EACC76}.Debug|Any CPU.Build.0 = Debug|Any CPU
		{5B5B760C-6BB3-4899-AB79-B88081EACC76}.Release|Any CPU.ActiveCfg = Release|Any CPU
		{5B5B760C-6BB3-4899-AB79-B88081EACC76}.Release|Any CPU.Build.0 = Release|Any CPU
	EndGlobalSection
	GlobalSection(SolutionProperties) = preSolution
		HideSolutionNode = FALSE
	EndGlobalSection
	GlobalSection(ExtensibilityGlobals) = postSolution
		SolutionGuid = {0C1656A5-62EC-4EA7-BA95-831CB8D12FE8}
	EndGlobalSection
EndGlobal
